{
  "name": "hook-templates-monorepo",
  "version": "0.1.0",
  "lockfileVersion": 3,
  "requires": true,
  "packages": {
    "": {
      "name": "hook-templates-monorepo",
      "version": "0.1.0",
      "workspaces": [
        "frontend"
      ],
      "engines": {
        "node": ">=20"
      }
    },
    "frontend": {
      "name": "hook-templates-frontend",
      "version": "0.1.0",
      "dependencies": {
        "react": "18.3.1",
        "react-dom": "18.3.1",
        "viem": "2.38.2"
      },
      "devDependencies": {
        "@types/react": "18.3.26",
        "@types/react-dom": "18.3.7",
        "@vitejs/plugin-react": "4.7.0",
        "typescript": "5.9.3",
        "vite": "7.1.10"
      }
    }
  }
}
